{
  "lib/chainlink": {
    "tag": {
      "name": "v2.45.1",
      "rev": "0de6d7435005194ae43635ee9d93daf2e31f7375"
    }
  },
  "lib/chainlink-brownie-contracts": {
    "rev": "f82d1ac09fc5d3190600d308be99a4a509854686"
  },
  "lib/openzeppelin-contracts": {
    "tag": {
      "name": "v5.6.1",
      "rev": "5fd1781b1454fd1ef8e722282f86f9293cacf256"
    }
  }
}